
Microsoft Visual Studio Solution File, Format Version 12.00
# Visual Studio 2013
VisualStudioVersion = 12.0.31101.0
MinimumVisualStudioVersion = 10.0.40219.1
Project("{FAE04EC0-301F-11D3-BF4B-00C04F79EFBC}") = "Trooper", "Trooper\Trooper.csproj", "{27F46F59-C7C9-4E02-93B9-91F7041A7980}"
EndProject
Project("{FAE04EC0-301F-11D3-BF4B-00C04F79EFBC}") = "Trooper.Testing.CustomShopApi", "Trooper.Testing.CustomShopApi\Trooper.Testing.CustomShopApi.csproj", "{8C65EBF3-0012-44D0-8447-A808706DACD4}"
EndProject
Project("{FAE04EC0-301F-11D3-BF4B-00C04F79EFBC}") = "Trooper.Testing.DefaultShopApp", "Trooper.Testing.DefaultShopApp\Trooper.Testing.DefaultShopApp.csproj", "{E782159E-B9B9-4AFE-889D-048D2DB180EB}"
EndProject
Project("{FAE04EC0-301F-11D3-BF4B-00C04F79EFBC}") = "Trooper.Testing.Web", "Trooper.Testing.Web\Trooper.Testing.Web.csproj", "{1F67547F-6E3B-462D-9E89-8F40412EFDE7}"
EndProject
Project("{2150E333-8FDC-42A3-9474-1A3956D46DE8}") = ".nuget", ".nuget", "{73A4D88C-AB1F-4857-9C06-1FF9D305E10D}"
	ProjectSection(SolutionItems) = preProject
		.nuget\NuGet.Config = .nuget\NuGet.Config
		.nuget\NuGet.exe = .nuget\NuGet.exe
		.nuget\NuGet.targets = .nuget\NuGet.targets
	EndProjectSection
EndProject
Project("{FAE04EC0-301F-11D3-BF4B-00C04F79EFBC}") = "Trooper.WebResources", "Trooper.WebResources\Trooper.WebResources.csproj", "{837E10F9-68DD-4BF4-A4AD-BFD11EB2B852}"
EndProject
Project("{FAE04EC0-301F-11D3-BF4B-00C04F79EFBC}") = "Trooper.Testing.ShopModel", "Trooper.Testing.ShopModel\Trooper.Testing.ShopModel.csproj", "{E5C177A6-5E8C-4E72-A1DD-AB511D053ABD}"
EndProject
Project("{FAE04EC0-301F-11D3-BF4B-00C04F79EFBC}") = "Trooper.Testing.DefaultShopApi", "Trooper.Testing.DefaultShopApi\Trooper.Testing.DefaultShopApi.csproj", "{85CB26E0-22BD-472E-AE6A-73DC1DBECDE7}"
EndProject
Project("{2150E333-8FDC-42A3-9474-1A3956D46DE8}") = "Trooper.Testing", "Trooper.Testing", "{DBEC3716-8814-459E-80E8-4BAEACDC129B}"
EndProject
Project("{2150E333-8FDC-42A3-9474-1A3956D46DE8}") = "Default", "Default", "{2550E9F8-76A1-4798-9655-F88ACB8EEA6F}"
EndProject
Project("{2150E333-8FDC-42A3-9474-1A3956D46DE8}") = "Custom", "Custom", "{5E8E7ACB-1E09-4957-ADB2-3C6B13BA6E62}"
EndProject
Project("{FAE04EC0-301F-11D3-BF4B-00C04F79EFBC}") = "Trooper.Testing.CustomShopTestApi", "Trooper.Testing.CustomShopTestApi\Trooper.Testing.CustomShopTestApi.csproj", "{1CACA035-9664-470B-8556-695867B2DDC7}"
EndProject
Project("{2150E333-8FDC-42A3-9474-1A3956D46DE8}") = "BusinessOperation", "BusinessOperation", "{2E2AA18A-0C31-4A29-A035-D71C957C6E66}"
EndProject
Project("{FAE04EC0-301F-11D3-BF4B-00C04F79EFBC}") = "Trooper.Testing.CustomShopWeb", "Trooper.Testing.CustomShopWeb\Trooper.Testing.CustomShopWeb.csproj", "{452846B8-CD94-40D7-A4A6-D8175E41703C}"
EndProject
Project("{FAE04EC0-301F-11D3-BF4B-00C04F79EFBC}") = "Trooper.Testing.CustomShopSrvCon", "Trooper.Testing.CustomShopSrvCon\Trooper.Testing.CustomShopSrvCon.csproj", "{1BC43D0A-D444-4941-83E8-673EC212AEAA}"
EndProject
Project("{FAE04EC0-301F-11D3-BF4B-00C04F79EFBC}") = "Trooper.Testing.CustomShopTestWs", "Trooper.Testing.CustomShopTestWs\Trooper.Testing.CustomShopTestWs.csproj", "{F3EC911F-48A7-4037-9CAD-D316AB81DD83}"
EndProject
Global
	GlobalSection(SolutionConfigurationPlatforms) = preSolution
		Code Analysis|Any CPU = Code Analysis|Any CPU
		Code Analysis|x86 = Code Analysis|x86
		Debug|Any CPU = Debug|Any CPU
		Debug|x86 = Debug|x86
		Release Pro|Any CPU = Release Pro|Any CPU
		Release Pro|x86 = Release Pro|x86
		Release Testing|Any CPU = Release Testing|Any CPU
		Release Testing|x86 = Release Testing|x86
		Release|Any CPU = Release|Any CPU
		Release|x86 = Release|x86
		Staging|Any CPU = Staging|Any CPU
		Staging|x86 = Staging|x86
	EndGlobalSection
	GlobalSection(ProjectConfigurationPlatforms) = postSolution
		{27F46F59-C7C9-4E02-93B9-91F7041A7980}.Code Analysis|Any CPU.ActiveCfg = Release|Any CPU
		{27F46F59-C7C9-4E02-93B9-91F7041A7980}.Code Analysis|Any CPU.Build.0 = Release|Any CPU
		{27F46F59-C7C9-4E02-93B9-91F7041A7980}.Code Analysis|x86.ActiveCfg = Release|Any CPU
		{27F46F59-C7C9-4E02-93B9-91F7041A7980}.Debug|Any CPU.ActiveCfg = Debug|Any CPU
		{27F46F59-C7C9-4E02-93B9-91F7041A7980}.Debug|Any CPU.Build.0 = Debug|Any CPU
		{27F46F59-C7C9-4E02-93B9-91F7041A7980}.Debug|x86.ActiveCfg = Debug|Any CPU
		{27F46F59-C7C9-4E02-93B9-91F7041A7980}.Release Pro|Any CPU.ActiveCfg = Release|Any CPU
		{27F46F59-C7C9-4E02-93B9-91F7041A7980}.Release Pro|Any CPU.Build.0 = Release|Any CPU
		{27F46F59-C7C9-4E02-93B9-91F7041A7980}.Release Pro|x86.ActiveCfg = Release|Any CPU
		{27F46F59-C7C9-4E02-93B9-91F7041A7980}.Release Testing|Any CPU.ActiveCfg = Release|Any CPU
		{27F46F59-C7C9-4E02-93B9-91F7041A7980}.Release Testing|Any CPU.Build.0 = Release|Any CPU
		{27F46F59-C7C9-4E02-93B9-91F7041A7980}.Release Testing|x86.ActiveCfg = Release|Any CPU
		{27F46F59-C7C9-4E02-93B9-91F7041A7980}.Release|Any CPU.ActiveCfg = Release|Any CPU
		{27F46F59-C7C9-4E02-93B9-91F7041A7980}.Release|Any CPU.Build.0 = Release|Any CPU
		{27F46F59-C7C9-4E02-93B9-91F7041A7980}.Release|x86.ActiveCfg = Release|Any CPU
		{27F46F59-C7C9-4E02-93B9-91F7041A7980}.Staging|Any CPU.ActiveCfg = Release|Any CPU
		{27F46F59-C7C9-4E02-93B9-91F7041A7980}.Staging|Any CPU.Build.0 = Release|Any CPU
		{27F46F59-C7C9-4E02-93B9-91F7041A7980}.Staging|x86.ActiveCfg = Release|Any CPU
		{8C65EBF3-0012-44D0-8447-A808706DACD4}.Code Analysis|Any CPU.ActiveCfg = Release|Any CPU
		{8C65EBF3-0012-44D0-8447-A808706DACD4}.Code Analysis|Any CPU.Build.0 = Release|Any CPU
		{8C65EBF3-0012-44D0-8447-A808706DACD4}.Code Analysis|x86.ActiveCfg = Release|Any CPU
		{8C65EBF3-0012-44D0-8447-A808706DACD4}.Debug|Any CPU.ActiveCfg = Debug|Any CPU
		{8C65EBF3-0012-44D0-8447-A808706DACD4}.Debug|Any CPU.Build.0 = Debug|Any CPU
		{8C65EBF3-0012-44D0-8447-A808706DACD4}.Debug|x86.ActiveCfg = Debug|Any CPU
		{8C65EBF3-0012-44D0-8447-A808706DACD4}.Release Pro|Any CPU.ActiveCfg = Release|Any CPU
		{8C65EBF3-0012-44D0-8447-A808706DACD4}.Release Pro|Any CPU.Build.0 = Release|Any CPU
		{8C65EBF3-0012-44D0-8447-A808706DACD4}.Release Pro|x86.ActiveCfg = Release|Any CPU
		{8C65EBF3-0012-44D0-8447-A808706DACD4}.Release Testing|Any CPU.ActiveCfg = Release|Any CPU
		{8C65EBF3-0012-44D0-8447-A808706DACD4}.Release Testing|Any CPU.Build.0 = Release|Any CPU
		{8C65EBF3-0012-44D0-8447-A808706DACD4}.Release Testing|x86.ActiveCfg = Release|Any CPU
		{8C65EBF3-0012-44D0-8447-A808706DACD4}.Release|Any CPU.ActiveCfg = Release|Any CPU
		{8C65EBF3-0012-44D0-8447-A808706DACD4}.Release|Any CPU.Build.0 = Release|Any CPU
		{8C65EBF3-0012-44D0-8447-A808706DACD4}.Release|x86.ActiveCfg = Release|Any CPU
		{8C65EBF3-0012-44D0-8447-A808706DACD4}.Staging|Any CPU.ActiveCfg = Release|Any CPU
		{8C65EBF3-0012-44D0-8447-A808706DACD4}.Staging|Any CPU.Build.0 = Release|Any CPU
		{8C65EBF3-0012-44D0-8447-A808706DACD4}.Staging|x86.ActiveCfg = Release|Any CPU
		{E782159E-B9B9-4AFE-889D-048D2DB180EB}.Code Analysis|Any CPU.ActiveCfg = Release|Any CPU
		{E782159E-B9B9-4AFE-889D-048D2DB180EB}.Code Analysis|Any CPU.Build.0 = Release|Any CPU
		{E782159E-B9B9-4AFE-889D-048D2DB180EB}.Code Analysis|x86.ActiveCfg = Release|Any CPU
		{E782159E-B9B9-4AFE-889D-048D2DB180EB}.Debug|Any CPU.ActiveCfg = Debug|Any CPU
		{E782159E-B9B9-4AFE-889D-048D2DB180EB}.Debug|Any CPU.Build.0 = Debug|Any CPU
		{E782159E-B9B9-4AFE-889D-048D2DB180EB}.Debug|x86.ActiveCfg = Debug|Any CPU
		{E782159E-B9B9-4AFE-889D-048D2DB180EB}.Release Pro|Any CPU.ActiveCfg = Release|Any CPU
		{E782159E-B9B9-4AFE-889D-048D2DB180EB}.Release Pro|Any CPU.Build.0 = Release|Any CPU
		{E782159E-B9B9-4AFE-889D-048D2DB180EB}.Release Pro|x86.ActiveCfg = Release|Any CPU
		{E782159E-B9B9-4AFE-889D-048D2DB180EB}.Release Testing|Any CPU.ActiveCfg = Release|Any CPU
		{E782159E-B9B9-4AFE-889D-048D2DB180EB}.Release Testing|Any CPU.Build.0 = Release|Any CPU
		{E782159E-B9B9-4AFE-889D-048D2DB180EB}.Release Testing|x86.ActiveCfg = Release|Any CPU
		{E782159E-B9B9-4AFE-889D-048D2DB180EB}.Release|Any CPU.ActiveCfg = Release|Any CPU
		{E782159E-B9B9-4AFE-889D-048D2DB180EB}.Release|Any CPU.Build.0 = Release|Any CPU
		{E782159E-B9B9-4AFE-889D-048D2DB180EB}.Release|x86.ActiveCfg = Release|Any CPU
		{E782159E-B9B9-4AFE-889D-048D2DB180EB}.Staging|Any CPU.ActiveCfg = Release|Any CPU
		{E782159E-B9B9-4AFE-889D-048D2DB180EB}.Staging|Any CPU.Build.0 = Release|Any CPU
		{E782159E-B9B9-4AFE-889D-048D2DB180EB}.Staging|x86.ActiveCfg = Release|Any CPU
		{1F67547F-6E3B-462D-9E89-8F40412EFDE7}.Code Analysis|Any CPU.ActiveCfg = Release|Any CPU
		{1F67547F-6E3B-462D-9E89-8F40412EFDE7}.Code Analysis|Any CPU.Build.0 = Release|Any CPU
		{1F67547F-6E3B-462D-9E89-8F40412EFDE7}.Code Analysis|x86.ActiveCfg = Release|Any CPU
		{1F67547F-6E3B-462D-9E89-8F40412EFDE7}.Debug|Any CPU.ActiveCfg = Debug|Any CPU
		{1F67547F-6E3B-462D-9E89-8F40412EFDE7}.Debug|Any CPU.Build.0 = Debug|Any CPU
		{1F67547F-6E3B-462D-9E89-8F40412EFDE7}.Debug|x86.ActiveCfg = Debug|Any CPU
		{1F67547F-6E3B-462D-9E89-8F40412EFDE7}.Release Pro|Any CPU.ActiveCfg = Release|Any CPU
		{1F67547F-6E3B-462D-9E89-8F40412EFDE7}.Release Pro|Any CPU.Build.0 = Release|Any CPU
		{1F67547F-6E3B-462D-9E89-8F40412EFDE7}.Release Pro|x86.ActiveCfg = Release|Any CPU
		{1F67547F-6E3B-462D-9E89-8F40412EFDE7}.Release Testing|Any CPU.ActiveCfg = Release|Any CPU
		{1F67547F-6E3B-462D-9E89-8F40412EFDE7}.Release Testing|Any CPU.Build.0 = Release|Any CPU
		{1F67547F-6E3B-462D-9E89-8F40412EFDE7}.Release Testing|x86.ActiveCfg = Release|Any CPU
		{1F67547F-6E3B-462D-9E89-8F40412EFDE7}.Release|Any CPU.ActiveCfg = Release|Any CPU
		{1F67547F-6E3B-462D-9E89-8F40412EFDE7}.Release|Any CPU.Build.0 = Release|Any CPU
		{1F67547F-6E3B-462D-9E89-8F40412EFDE7}.Release|x86.ActiveCfg = Release|Any CPU
		{1F67547F-6E3B-462D-9E89-8F40412EFDE7}.Staging|Any CPU.ActiveCfg = Release|Any CPU
		{1F67547F-6E3B-462D-9E89-8F40412EFDE7}.Staging|Any CPU.Build.0 = Release|Any CPU
		{1F67547F-6E3B-462D-9E89-8F40412EFDE7}.Staging|x86.ActiveCfg = Release|Any CPU
		{837E10F9-68DD-4BF4-A4AD-BFD11EB2B852}.Code Analysis|Any CPU.ActiveCfg = Release|Any CPU
		{837E10F9-68DD-4BF4-A4AD-BFD11EB2B852}.Code Analysis|Any CPU.Build.0 = Release|Any CPU
		{837E10F9-68DD-4BF4-A4AD-BFD11EB2B852}.Code Analysis|x86.ActiveCfg = Release|Any CPU
		{837E10F9-68DD-4BF4-A4AD-BFD11EB2B852}.Debug|Any CPU.ActiveCfg = Debug|Any CPU
		{837E10F9-68DD-4BF4-A4AD-BFD11EB2B852}.Debug|Any CPU.Build.0 = Debug|Any CPU
		{837E10F9-68DD-4BF4-A4AD-BFD11EB2B852}.Debug|x86.ActiveCfg = Debug|Any CPU
		{837E10F9-68DD-4BF4-A4AD-BFD11EB2B852}.Release Pro|Any CPU.ActiveCfg = Release|Any CPU
		{837E10F9-68DD-4BF4-A4AD-BFD11EB2B852}.Release Pro|Any CPU.Build.0 = Release|Any CPU
		{837E10F9-68DD-4BF4-A4AD-BFD11EB2B852}.Release Pro|x86.ActiveCfg = Release|Any CPU
		{837E10F9-68DD-4BF4-A4AD-BFD11EB2B852}.Release Testing|Any CPU.ActiveCfg = Release|Any CPU
		{837E10F9-68DD-4BF4-A4AD-BFD11EB2B852}.Release Testing|Any CPU.Build.0 = Release|Any CPU
		{837E10F9-68DD-4BF4-A4AD-BFD11EB2B852}.Release Testing|x86.ActiveCfg = Release|Any CPU
		{837E10F9-68DD-4BF4-A4AD-BFD11EB2B852}.Release|Any CPU.ActiveCfg = Release|Any CPU
		{837E10F9-68DD-4BF4-A4AD-BFD11EB2B852}.Release|Any CPU.Build.0 = Release|Any CPU
		{837E10F9-68DD-4BF4-A4AD-BFD11EB2B852}.Release|x86.ActiveCfg = Release|Any CPU
		{837E10F9-68DD-4BF4-A4AD-BFD11EB2B852}.Staging|Any CPU.ActiveCfg = Release|Any CPU
		{837E10F9-68DD-4BF4-A4AD-BFD11EB2B852}.Staging|Any CPU.Build.0 = Release|Any CPU
		{837E10F9-68DD-4BF4-A4AD-BFD11EB2B852}.Staging|x86.ActiveCfg = Release|Any CPU
		{E5C177A6-5E8C-4E72-A1DD-AB511D053ABD}.Code Analysis|Any CPU.ActiveCfg = Release|Any CPU
		{E5C177A6-5E8C-4E72-A1DD-AB511D053ABD}.Code Analysis|Any CPU.Build.0 = Release|Any CPU
		{E5C177A6-5E8C-4E72-A1DD-AB511D053ABD}.Code Analysis|x86.ActiveCfg = Release|Any CPU
		{E5C177A6-5E8C-4E72-A1DD-AB511D053ABD}.Debug|Any CPU.ActiveCfg = Debug|Any CPU
		{E5C177A6-5E8C-4E72-A1DD-AB511D053ABD}.Debug|Any CPU.Build.0 = Debug|Any CPU
		{E5C177A6-5E8C-4E72-A1DD-AB511D053ABD}.Debug|x86.ActiveCfg = Debug|Any CPU
		{E5C177A6-5E8C-4E72-A1DD-AB511D053ABD}.Release Pro|Any CPU.ActiveCfg = Release|Any CPU
		{E5C177A6-5E8C-4E72-A1DD-AB511D053ABD}.Release Pro|Any CPU.Build.0 = Release|Any CPU
		{E5C177A6-5E8C-4E72-A1DD-AB511D053ABD}.Release Pro|x86.ActiveCfg = Release|Any CPU
		{E5C177A6-5E8C-4E72-A1DD-AB511D053ABD}.Release Testing|Any CPU.ActiveCfg = Release|Any CPU
		{E5C177A6-5E8C-4E72-A1DD-AB511D053ABD}.Release Testing|Any CPU.Build.0 = Release|Any CPU
		{E5C177A6-5E8C-4E72-A1DD-AB511D053ABD}.Release Testing|x86.ActiveCfg = Release|Any CPU
		{E5C177A6-5E8C-4E72-A1DD-AB511D053ABD}.Release|Any CPU.ActiveCfg = Release|Any CPU
		{E5C177A6-5E8C-4E72-A1DD-AB511D053ABD}.Release|Any CPU.Build.0 = Release|Any CPU
		{E5C177A6-5E8C-4E72-A1DD-AB511D053ABD}.Release|x86.ActiveCfg = Release|Any CPU
		{E5C177A6-5E8C-4E72-A1DD-AB511D053ABD}.Staging|Any CPU.ActiveCfg = Release|Any CPU
		{E5C177A6-5E8C-4E72-A1DD-AB511D053ABD}.Staging|Any CPU.Build.0 = Release|Any CPU
		{E5C177A6-5E8C-4E72-A1DD-AB511D053ABD}.Staging|x86.ActiveCfg = Release|Any CPU
		{85CB26E0-22BD-472E-AE6A-73DC1DBECDE7}.Code Analysis|Any CPU.ActiveCfg = Release|Any CPU
		{85CB26E0-22BD-472E-AE6A-73DC1DBECDE7}.Code Analysis|Any CPU.Build.0 = Release|Any CPU
		{85CB26E0-22BD-472E-AE6A-73DC1DBECDE7}.Code Analysis|x86.ActiveCfg = Release|Any CPU
		{85CB26E0-22BD-472E-AE6A-73DC1DBECDE7}.Debug|Any CPU.ActiveCfg = Debug|Any CPU
		{85CB26E0-22BD-472E-AE6A-73DC1DBECDE7}.Debug|Any CPU.Build.0 = Debug|Any CPU
		{85CB26E0-22BD-472E-AE6A-73DC1DBECDE7}.Debug|x86.ActiveCfg = Debug|Any CPU
		{85CB26E0-22BD-472E-AE6A-73DC1DBECDE7}.Release Pro|Any CPU.ActiveCfg = Release|Any CPU
		{85CB26E0-22BD-472E-AE6A-73DC1DBECDE7}.Release Pro|Any CPU.Build.0 = Release|Any CPU
		{85CB26E0-22BD-472E-AE6A-73DC1DBECDE7}.Release Pro|x86.ActiveCfg = Release|Any CPU
		{85CB26E0-22BD-472E-AE6A-73DC1DBECDE7}.Release Testing|Any CPU.ActiveCfg = Release|Any CPU
		{85CB26E0-22BD-472E-AE6A-73DC1DBECDE7}.Release Testing|Any CPU.Build.0 = Release|Any CPU
		{85CB26E0-22BD-472E-AE6A-73DC1DBECDE7}.Release Testing|x86.ActiveCfg = Release|Any CPU
		{85CB26E0-22BD-472E-AE6A-73DC1DBECDE7}.Release|Any CPU.ActiveCfg = Release|Any CPU
		{85CB26E0-22BD-472E-AE6A-73DC1DBECDE7}.Release|Any CPU.Build.0 = Release|Any CPU
		{85CB26E0-22BD-472E-AE6A-73DC1DBECDE7}.Release|x86.ActiveCfg = Release|Any CPU
		{85CB26E0-22BD-472E-AE6A-73DC1DBECDE7}.Staging|Any CPU.ActiveCfg = Release|Any CPU
		{85CB26E0-22BD-472E-AE6A-73DC1DBECDE7}.Staging|Any CPU.Build.0 = Release|Any CPU
		{85CB26E0-22BD-472E-AE6A-73DC1DBECDE7}.Staging|x86.ActiveCfg = Release|Any CPU
		{1CACA035-9664-470B-8556-695867B2DDC7}.Code Analysis|Any CPU.ActiveCfg = Release|Any CPU
		{1CACA035-9664-470B-8556-695867B2DDC7}.Code Analysis|Any CPU.Build.0 = Release|Any CPU
		{1CACA035-9664-470B-8556-695867B2DDC7}.Code Analysis|x86.ActiveCfg = Release|Any CPU
		{1CACA035-9664-470B-8556-695867B2DDC7}.Debug|Any CPU.ActiveCfg = Debug|Any CPU
		{1CACA035-9664-470B-8556-695867B2DDC7}.Debug|Any CPU.Build.0 = Debug|Any CPU
		{1CACA035-9664-470B-8556-695867B2DDC7}.Debug|x86.ActiveCfg = Debug|Any CPU
		{1CACA035-9664-470B-8556-695867B2DDC7}.Release Pro|Any CPU.ActiveCfg = Release|Any CPU
		{1CACA035-9664-470B-8556-695867B2DDC7}.Release Pro|Any CPU.Build.0 = Release|Any CPU
		{1CACA035-9664-470B-8556-695867B2DDC7}.Release Pro|x86.ActiveCfg = Release|Any CPU
		{1CACA035-9664-470B-8556-695867B2DDC7}.Release Testing|Any CPU.ActiveCfg = Release|Any CPU
		{1CACA035-9664-470B-8556-695867B2DDC7}.Release Testing|Any CPU.Build.0 = Release|Any CPU
		{1CACA035-9664-470B-8556-695867B2DDC7}.Release Testing|x86.ActiveCfg = Release|Any CPU
		{1CACA035-9664-470B-8556-695867B2DDC7}.Release|Any CPU.ActiveCfg = Release|Any CPU
		{1CACA035-9664-470B-8556-695867B2DDC7}.Release|Any CPU.Build.0 = Release|Any CPU
		{1CACA035-9664-470B-8556-695867B2DDC7}.Release|x86.ActiveCfg = Release|Any CPU
		{1CACA035-9664-470B-8556-695867B2DDC7}.Staging|Any CPU.ActiveCfg = Release|Any CPU
		{1CACA035-9664-470B-8556-695867B2DDC7}.Staging|Any CPU.Build.0 = Release|Any CPU
		{1CACA035-9664-470B-8556-695867B2DDC7}.Staging|x86.ActiveCfg = Release|Any CPU
		{452846B8-CD94-40D7-A4A6-D8175E41703C}.Code Analysis|Any CPU.ActiveCfg = Release|Any CPU
		{452846B8-CD94-40D7-A4A6-D8175E41703C}.Code Analysis|Any CPU.Build.0 = Release|Any CPU
		{452846B8-CD94-40D7-A4A6-D8175E41703C}.Code Analysis|x86.ActiveCfg = Release|Any CPU
		{452846B8-CD94-40D7-A4A6-D8175E41703C}.Debug|Any CPU.ActiveCfg = Debug|Any CPU
		{452846B8-CD94-40D7-A4A6-D8175E41703C}.Debug|Any CPU.Build.0 = Debug|Any CPU
		{452846B8-CD94-40D7-A4A6-D8175E41703C}.Debug|x86.ActiveCfg = Debug|Any CPU
		{452846B8-CD94-40D7-A4A6-D8175E41703C}.Release Pro|Any CPU.ActiveCfg = Release|Any CPU
		{452846B8-CD94-40D7-A4A6-D8175E41703C}.Release Pro|Any CPU.Build.0 = Release|Any CPU
		{452846B8-CD94-40D7-A4A6-D8175E41703C}.Release Pro|x86.ActiveCfg = Release|Any CPU
		{452846B8-CD94-40D7-A4A6-D8175E41703C}.Release Testing|Any CPU.ActiveCfg = Release|Any CPU
		{452846B8-CD94-40D7-A4A6-D8175E41703C}.Release Testing|Any CPU.Build.0 = Release|Any CPU
		{452846B8-CD94-40D7-A4A6-D8175E41703C}.Release Testing|x86.ActiveCfg = Release|Any CPU
		{452846B8-CD94-40D7-A4A6-D8175E41703C}.Release|Any CPU.ActiveCfg = Release|Any CPU
		{452846B8-CD94-40D7-A4A6-D8175E41703C}.Release|Any CPU.Build.0 = Release|Any CPU
		{452846B8-CD94-40D7-A4A6-D8175E41703C}.Release|x86.ActiveCfg = Release|Any CPU
		{452846B8-CD94-40D7-A4A6-D8175E41703C}.Staging|Any CPU.ActiveCfg = Release|Any CPU
		{452846B8-CD94-40D7-A4A6-D8175E41703C}.Staging|Any CPU.Build.0 = Release|Any CPU
		{452846B8-CD94-40D7-A4A6-D8175E41703C}.Staging|x86.ActiveCfg = Release|Any CPU
		{1BC43D0A-D444-4941-83E8-673EC212AEAA}.Code Analysis|Any CPU.ActiveCfg = Release|Any CPU
		{1BC43D0A-D444-4941-83E8-673EC212AEAA}.Code Analysis|Any CPU.Build.0 = Release|Any CPU
		{1BC43D0A-D444-4941-83E8-673EC212AEAA}.Code Analysis|x86.ActiveCfg = Release|Any CPU
		{1BC43D0A-D444-4941-83E8-673EC212AEAA}.Debug|Any CPU.ActiveCfg = Debug|Any CPU
		{1BC43D0A-D444-4941-83E8-673EC212AEAA}.Debug|Any CPU.Build.0 = Debug|Any CPU
		{1BC43D0A-D444-4941-83E8-673EC212AEAA}.Debug|x86.ActiveCfg = Debug|Any CPU
		{1BC43D0A-D444-4941-83E8-673EC212AEAA}.Release Pro|Any CPU.ActiveCfg = Release|Any CPU
		{1BC43D0A-D444-4941-83E8-673EC212AEAA}.Release Pro|Any CPU.Build.0 = Release|Any CPU
		{1BC43D0A-D444-4941-83E8-673EC212AEAA}.Release Pro|x86.ActiveCfg = Release|Any CPU
		{1BC43D0A-D444-4941-83E8-673EC212AEAA}.Release Testing|Any CPU.ActiveCfg = Release|Any CPU
		{1BC43D0A-D444-4941-83E8-673EC212AEAA}.Release Testing|Any CPU.Build.0 = Release|Any CPU
		{1BC43D0A-D444-4941-83E8-673EC212AEAA}.Release Testing|x86.ActiveCfg = Release|Any CPU
		{1BC43D0A-D444-4941-83E8-673EC212AEAA}.Release|Any CPU.ActiveCfg = Release|Any CPU
		{1BC43D0A-D444-4941-83E8-673EC212AEAA}.Release|Any CPU.Build.0 = Release|Any CPU
		{1BC43D0A-D444-4941-83E8-673EC212AEAA}.Release|x86.ActiveCfg = Release|Any CPU
		{1BC43D0A-D444-4941-83E8-673EC212AEAA}.Staging|Any CPU.ActiveCfg = Release|Any CPU
		{1BC43D0A-D444-4941-83E8-673EC212AEAA}.Staging|Any CPU.Build.0 = Release|Any CPU
		{1BC43D0A-D444-4941-83E8-673EC212AEAA}.Staging|x86.ActiveCfg = Release|Any CPU
		{F3EC911F-48A7-4037-9CAD-D316AB81DD83}.Code Analysis|Any CPU.ActiveCfg = Release|Any CPU
		{F3EC911F-48A7-4037-9CAD-D316AB81DD83}.Code Analysis|Any CPU.Build.0 = Release|Any CPU
		{F3EC911F-48A7-4037-9CAD-D316AB81DD83}.Code Analysis|x86.ActiveCfg = Release|Any CPU
		{F3EC911F-48A7-4037-9CAD-D316AB81DD83}.Debug|Any CPU.ActiveCfg = Debug|Any CPU
		{F3EC911F-48A7-4037-9CAD-D316AB81DD83}.Debug|Any CPU.Build.0 = Debug|Any CPU
		{F3EC911F-48A7-4037-9CAD-D316AB81DD83}.Debug|x86.ActiveCfg = Debug|Any CPU
		{F3EC911F-48A7-4037-9CAD-D316AB81DD83}.Release Pro|Any CPU.ActiveCfg = Release|Any CPU
		{F3EC911F-48A7-4037-9CAD-D316AB81DD83}.Release Pro|Any CPU.Build.0 = Release|Any CPU
		{F3EC911F-48A7-4037-9CAD-D316AB81DD83}.Release Pro|x86.ActiveCfg = Release|Any CPU
		{F3EC911F-48A7-4037-9CAD-D316AB81DD83}.Release Testing|Any CPU.ActiveCfg = Release|Any CPU
		{F3EC911F-48A7-4037-9CAD-D316AB81DD83}.Release Testing|Any CPU.Build.0 = Release|Any CPU
		{F3EC911F-48A7-4037-9CAD-D316AB81DD83}.Release Testing|x86.ActiveCfg = Release|Any CPU
		{F3EC911F-48A7-4037-9CAD-D316AB81DD83}.Release|Any CPU.ActiveCfg = Release|Any CPU
		{F3EC911F-48A7-4037-9CAD-D316AB81DD83}.Release|Any CPU.Build.0 = Release|Any CPU
		{F3EC911F-48A7-4037-9CAD-D316AB81DD83}.Release|x86.ActiveCfg = Release|Any CPU
		{F3EC911F-48A7-4037-9CAD-D316AB81DD83}.Staging|Any CPU.ActiveCfg = Release|Any CPU
		{F3EC911F-48A7-4037-9CAD-D316AB81DD83}.Staging|Any CPU.Build.0 = Release|Any CPU
		{F3EC911F-48A7-4037-9CAD-D316AB81DD83}.Staging|x86.ActiveCfg = Release|Any CPU
	EndGlobalSection
	GlobalSection(SolutionProperties) = preSolution
		HideSolutionNode = FALSE
	EndGlobalSection
	GlobalSection(NestedProjects) = preSolution
		{8C65EBF3-0012-44D0-8447-A808706DACD4} = {5E8E7ACB-1E09-4957-ADB2-3C6B13BA6E62}
		{E782159E-B9B9-4AFE-889D-048D2DB180EB} = {2550E9F8-76A1-4798-9655-F88ACB8EEA6F}
		{1F67547F-6E3B-462D-9E89-8F40412EFDE7} = {DBEC3716-8814-459E-80E8-4BAEACDC129B}
		{E5C177A6-5E8C-4E72-A1DD-AB511D053ABD} = {2E2AA18A-0C31-4A29-A035-D71C957C6E66}
		{85CB26E0-22BD-472E-AE6A-73DC1DBECDE7} = {2550E9F8-76A1-4798-9655-F88ACB8EEA6F}
		{2550E9F8-76A1-4798-9655-F88ACB8EEA6F} = {2E2AA18A-0C31-4A29-A035-D71C957C6E66}
		{5E8E7ACB-1E09-4957-ADB2-3C6B13BA6E62} = {2E2AA18A-0C31-4A29-A035-D71C957C6E66}
		{1CACA035-9664-470B-8556-695867B2DDC7} = {5E8E7ACB-1E09-4957-ADB2-3C6B13BA6E62}
		{2E2AA18A-0C31-4A29-A035-D71C957C6E66} = {DBEC3716-8814-459E-80E8-4BAEACDC129B}
		{452846B8-CD94-40D7-A4A6-D8175E41703C} = {5E8E7ACB-1E09-4957-ADB2-3C6B13BA6E62}
		{1BC43D0A-D444-4941-83E8-673EC212AEAA} = {5E8E7ACB-1E09-4957-ADB2-3C6B13BA6E62}
		{F3EC911F-48A7-4037-9CAD-D316AB81DD83} = {5E8E7ACB-1E09-4957-ADB2-3C6B13BA6E62}
	EndGlobalSection
	GlobalSection(ExtensibilityGlobals) = postSolution
		EnterpriseLibraryConfigurationToolBinariesPathV6 = packages\EnterpriseLibrary.Common.6.0.1304.0\lib\NET45;packages\EnterpriseLibrary.Validation.6.0.1304.0\lib\NET45
	EndGlobalSection
EndGlobal
